{
  "name": "biblical-frontend",
  "lockfileVersion": 3,
  "requires": true,
  "packages": {
    "": {
      "name": "biblical-frontend",
      "version": "1.0.0",
      "dependencies": {
        "axios": "^1.4.0",
        "vite": "^4.4.0"
      }
    }
  },
  "dependencies": {
    "axios": {
      "version": "1.4.0",
      "resolved": "https://registry.npmjs.org/axios/-/axios-1.4.0.tgz",
      "integrity": "sha512-2/4BZcZr2GzF1sXxZHuZ5Fq4yZ6pU/9hB6LqHn0xMJv1JeJ5mFvLQl5QHqE2N6t8r3W2ZiwqVQXz7lHLYf7Yiw==",
      "dev": false
    },
    "vite": {
      "version": "4.4.0",
      "resolved": "https://registry.npmjs.org/vite/-/vite-4.4.0.tgz",
      "integrity": "sha512-6Xj1L+smB6C9i0lB8pm5V/cL1xQk6nBLG2o+2XcO7l9vN1E0RlU0lHnJ0uqvWJv5Ypz5rK6oFfjzF6oHTrqA==",
      "dev": true,
      "dependencies": {
        "chokidar": "^3.5.3"
      }
    }
  }
}